// !$*UTF8*$!
{
	archiveVersion = 1;
	classes = {
	};
	objectVersion = 54;
	objects = {

/* Begin PBXBuildFile section */
		60FCB57C29043C6A0073D33F /* AppDelegate.swift in Sources */ = {isa = PBXBuildFile; fileRef = 60FCB57B29043C6A0073D33F /* AppDelegate.swift */; };
		60FCB57E29043C6A0073D33F /* SceneDelegate.swift in Sources */ = {isa = PBXBuildFile; fileRef = 60FCB57D29043C6A0073D33F /* SceneDelegate.swift */; };
		60FCB58029043C6A0073D33F /* ClimaViewController.swift in Sources */ = {isa = PBXBuildFile; fileRef = 60FCB57F29043C6A0073D33F /* ClimaViewController.swift */; };
		60FCB58329043C6A0073D33F /* Main.storyboard in Resources */ = {isa = PBXBuildFile; fileRef = 60FCB58129043C6A0073D33F /* Main.storyboard */; };
		60FCB58529043C6E0073D33F /* Assets.xcassets in Resources */ = {isa = PBXBuildFile; fileRef = 60FCB58429043C6E0073D33F /* Assets.xcassets */; };
		60FCB58829043C6E0073D33F /* LaunchScreen.storyboard in Resources */ = {isa = PBXBuildFile; fileRef = 60FCB58629043C6E0073D33F /* LaunchScreen.storyboard */; };
		60FCB591290447BE0073D33F /* ClimaData.swift in Sources */ = {isa = PBXBuildFile; fileRef = 60FCB590290447BE0073D33F /* ClimaData.swift */; };
		60FCB593290447DA0073D33F /* ClimaModelo.swift in Sources */ = {isa = PBXBuildFile; fileRef = 60FCB592290447DA0073D33F /* ClimaModelo.swift */; };
		60FCB595290447F10073D33F /* ClimaManager.swift in Sources */ = {isa = PBXBuildFile; fileRef = 60FCB594290447F10073D33F /* ClimaManager.swift */; };
		6C3BB7A32A31348100754DE4 /* ClimaManagerTests.swift in Sources */ = {isa = PBXBuildFile; fileRef = 6C3BB7A22A31348100754DE4 /* ClimaManagerTests.swift */; };
		6C4E486729A942AE009F9D6E /* ProgressHUD in Frameworks */ = {isa = PBXBuildFile; productRef = 6C4E486629A942AE009F9D6E /* ProgressHUD */; };
		6C5F5FFC2A05C50200A04CFF /* ClimaUITests.swift in Sources */ = {isa = PBXBuildFile; fileRef = 6C5F5FFB2A05C50200A04CFF /* ClimaUITests.swift */; };
		6C5F5FFE2A05C50200A04CFF /* ClimaUITestsLaunchTests.swift in Sources */ = {isa = PBXBuildFile; fileRef = 6C5F5FFD2A05C50200A04CFF /* ClimaUITestsLaunchTests.swift */; };
		6C651DF829ABABB600F31CE3 /* ConfiguracionViewController.swift in Sources */ = {isa = PBXBuildFile; fileRef = 6C651DF729ABABB600F31CE3 /* ConfiguracionViewController.swift */; };
		6CACC1832A0813AE00F031B9 /* ContentViewPage.swift in Sources */ = {isa = PBXBuildFile; fileRef = 6CACC1822A0813AE00F031B9 /* ContentViewPage.swift */; };
		6CACC18B2A08166100F031B9 /* ClimaTests.swift in Sources */ = {isa = PBXBuildFile; fileRef = 6CACC18A2A08166100F031B9 /* ClimaTests.swift */; };
/* End PBXBuildFile section */

/* Begin PBXContainerItemProxy section */
		6C5F5FFF2A05C50200A04CFF /* PBXContainerItemProxy */ = {
			isa = PBXContainerItemProxy;
			containerPortal = 60FCB57029043C6A0073D33F /* Project object */;
			proxyType = 1;
			remoteGlobalIDString = 60FCB57729043C6A0073D33F;
			remoteInfo = Clima;
		};
		6CACC18C2A08166100F031B9 /* PBXContainerItemProxy */ = {
			isa = PBXContainerItemProxy;
			containerPortal = 60FCB57029043C6A0073D33F /* Project object */;
			proxyType = 1;
			remoteGlobalIDString = 60FCB57729043C6A0073D33F;
			remoteInfo = Clima;
		};
/* End PBXContainerItemProxy section */

/* Begin PBXFileReference section */
		60FCB57829043C6A0073D33F /* Clima.app */ = {isa = PBXFileReference; explicitFileType = wrapper.application; includeInIndex = 0; path = Clima.app; sourceTree = BUILT_PRODUCTS_DIR; };
		60FCB57B29043C6A0073D33F /* AppDelegate.swift */ = {isa = PBXFileReference; lastKnownFileType = sourcecode.swift; path = AppDelegate.swift; sourceTree = "<group>"; };
		60FCB57D29043C6A0073D33F /* SceneDelegate.swift */ = {isa = PBXFileReference; lastKnownFileType = sourcecode.swift; path = SceneDelegate.swift; sourceTree = "<group>"; };
		60FCB57F29043C6A0073D33F /* ClimaViewController.swift */ = {isa = PBXFileReference; lastKnownFileType = sourcecode.swift; path = ClimaViewController.swift; sourceTree = "<group>"; };
		60FCB58229043C6A0073D33F /* Base */ = {isa = PBXFileReference; lastKnownFileType = file.storyboard; name = Base; path = Base.lproj/Main.storyboard; sourceTree = "<group>"; };
		60FCB58429043C6E0073D33F /* Assets.xcassets */ = {isa = PBXFileReference; lastKnownFileType = folder.assetcatalog; path = Assets.xcassets; sourceTree = "<group>"; };
		60FCB58729043C6E0073D33F /* Base */ = {isa = PBXFileReference; lastKnownFileType = file.storyboard; name = Base; path = Base.lproj/LaunchScreen.storyboard; sourceTree = "<group>"; };
		60FCB58929043C6E0073D33F /* Info.plist */ = {isa = PBXFileReference; lastKnownFileType = text.plist.xml; path = Info.plist; sourceTree = "<group>"; };
		60FCB590290447BE0073D33F /* ClimaData.swift */ = {isa = PBXFileReference; lastKnownFileType = sourcecode.swift; path = ClimaData.swift; sourceTree = "<group>"; };
		60FCB592290447DA0073D33F /* ClimaModelo.swift */ = {isa = PBXFileReference; lastKnownFileType = sourcecode.swift; path = ClimaModelo.swift; sourceTree = "<group>"; };
		60FCB594290447F10073D33F /* ClimaManager.swift */ = {isa = PBXFileReference; lastKnownFileType = sourcecode.swift; path = ClimaManager.swift; sourceTree = "<group>"; };
		6C3BB7A22A31348100754DE4 /* ClimaManagerTests.swift */ = {isa = PBXFileReference; lastKnownFileType = sourcecode.swift; path = ClimaManagerTests.swift; sourceTree = "<group>"; };
		6C5F5FF92A05C50200A04CFF /* ClimaUITests.xctest */ = {isa = PBXFileReference; explicitFileType = wrapper.cfbundle; includeInIndex = 0; path = ClimaUITests.xctest; sourceTree = BUILT_PRODUCTS_DIR; };
		6C5F5FFB2A05C50200A04CFF /* ClimaUITests.swift */ = {isa = PBXFileReference; lastKnownFileType = sourcecode.swift; path = ClimaUITests.swift; sourceTree = "<group>"; };
		6C5F5FFD2A05C50200A04CFF /* ClimaUITestsLaunchTests.swift */ = {isa = PBXFileReference; lastKnownFileType = sourcecode.swift; path = ClimaUITestsLaunchTests.swift; sourceTree = "<group>"; };
		6C651DF729ABABB600F31CE3 /* ConfiguracionViewController.swift */ = {isa = PBXFileReference; lastKnownFileType = sourcecode.swift; path = ConfiguracionViewController.swift; sourceTree = "<group>"; };
		6CACC1822A0813AE00F031B9 /* ContentViewPage.swift */ = {isa = PBXFileReference; lastKnownFileType = sourcecode.swift; path = ContentViewPage.swift; sourceTree = "<group>"; };
		6CACC1882A08166100F031B9 /* ClimaTests.xctest */ = {isa = PBXFileReference; explicitFileType = wrapper.cfbundle; includeInIndex = 0; path = ClimaTests.xctest; sourceTree = BUILT_PRODUCTS_DIR; };
		6CACC18A2A08166100F031B9 /* ClimaTests.swift */ = {isa = PBXFileReference; lastKnownFileType = sourcecode.swift; path = ClimaTests.swift; sourceTree = "<group>"; };
/* End PBXFileReference section */

/* Begin PBXFrameworksBuildPhase section */
		60FCB57529043C6A0073D33F /* Frameworks */ = {
			isa = PBXFrameworksBuildPhase;
			buildActionMask = 2147483647;
			files = (
				6C4E486729A942AE009F9D6E /* ProgressHUD in Frameworks */,
			);
			runOnlyForDeploymentPostprocessing = 0;
		};
		6C5F5FF62A05C50200A04CFF /* Frameworks */ = {
			isa = PBXFrameworksBuildPhase;
			buildActionMask = 2147483647;
			files = (
			);
			runOnlyForDeploymentPostprocessing = 0;
		};
		6CACC1852A08166100F031B9 /* Frameworks */ = {
			isa = PBXFrameworksBuildPhase;
			buildActionMask = 2147483647;
			files = (
			);
			runOnlyForDeploymentPostprocessing = 0;
		};
/* End PBXFrameworksBuildPhase section */

/* Begin PBXGroup section */
		60FCB56F29043C6A0073D33F = {
			isa = PBXGroup;
			children = (
				60FCB57A29043C6A0073D33F /* Clima */,
				6C5F5FFA2A05C50200A04CFF /* ClimaUITests */,
				6CACC1892A08166100F031B9 /* ClimaTests */,
				60FCB57929043C6A0073D33F /* Products */,
			);
			sourceTree = "<group>";
		};
		60FCB57929043C6A0073D33F /* Products */ = {
			isa = PBXGroup;
			children = (
				60FCB57829043C6A0073D33F /* Clima.app */,
				6C5F5FF92A05C50200A04CFF /* ClimaUITests.xctest */,
				6CACC1882A08166100F031B9 /* ClimaTests.xctest */,
			);
			name = Products;
			sourceTree = "<group>";
		};
		60FCB57A29043C6A0073D33F /* Clima */ = {
			isa = PBXGroup;
			children = (
				60FCB58F290447810073D33F /* Model */,
				60FCB57B29043C6A0073D33F /* AppDelegate.swift */,
				60FCB57D29043C6A0073D33F /* SceneDelegate.swift */,
				6C651DF629ABAB9200F31CE3 /* Controlador */,
				60FCB58129043C6A0073D33F /* Main.storyboard */,
				60FCB58429043C6E0073D33F /* Assets.xcassets */,
				60FCB58629043C6E0073D33F /* LaunchScreen.storyboard */,
				60FCB58929043C6E0073D33F /* Info.plist */,
			);
			path = Clima;
			sourceTree = "<group>";
		};
		60FCB58F290447810073D33F /* Model */ = {
			isa = PBXGroup;
			children = (
				60FCB590290447BE0073D33F /* ClimaData.swift */,
				60FCB592290447DA0073D33F /* ClimaModelo.swift */,
				60FCB594290447F10073D33F /* ClimaManager.swift */,
			);
			path = Model;
			sourceTree = "<group>";
		};
		6C5F5FFA2A05C50200A04CFF /* ClimaUITests */ = {
			isa = PBXGroup;
			children = (
				6C5F5FFB2A05C50200A04CFF /* ClimaUITests.swift */,
				6C5F5FFD2A05C50200A04CFF /* ClimaUITestsLaunchTests.swift */,
				6CACC1822A0813AE00F031B9 /* ContentViewPage.swift */,
			);
			path = ClimaUITests;
			sourceTree = "<group>";
		};
		6C651DF629ABAB9200F31CE3 /* Controlador */ = {
			isa = PBXGroup;
			children = (
				60FCB57F29043C6A0073D33F /* ClimaViewController.swift */,
				6C651DF729ABABB600F31CE3 /* ConfiguracionViewController.swift */,
			);
			path = Controlador;
			sourceTree = "<group>";
		};
		6CACC1892A08166100F031B9 /* ClimaTests */ = {
			isa = PBXGroup;
			children = (
				6CACC18A2A08166100F031B9 /* ClimaTests.swift */,
				6C3BB7A22A31348100754DE4 /* ClimaManagerTests.swift */,
			);
			path = ClimaTests;
			sourceTree = "<group>";
		};
/* End PBXGroup section */

/* Begin PBXNativeTarget section */
		60FCB57729043C6A0073D33F /* Clima */ = {
			isa = PBXNativeTarget;
			buildConfigurationList = 60FCB58C29043C6E0073D33F /* Build configuration list for PBXNativeTarget "Clima" */;
			buildPhases = (
				60FCB57429043C6A0073D33F /* Sources */,
				60FCB57529043C6A0073D33F /* Frameworks */,
				60FCB57629043C6A0073D33F /* Resources */,
			);
			buildRules = (
			);
			dependencies = (
			);
			name = Clima;
			packageProductDependencies = (
				6C4E486629A942AE009F9D6E /* ProgressHUD */,
			);
			productName = Clima;
			productReference = 60FCB57829043C6A0073D33F /* Clima.app */;
			productType = "com.apple.product-type.application";
		};
		6C5F5FF82A05C50200A04CFF /* ClimaUITests */ = {
			isa = PBXNativeTarget;
			buildConfigurationList = 6C5F60032A05C50200A04CFF /* Build configuration list for PBXNativeTarget "ClimaUITests" */;
			buildPhases = (
				6C5F5FF52A05C50200A04CFF /* Sources */,
				6C5F5FF62A05C50200A04CFF /* Frameworks */,
				6C5F5FF72A05C50200A04CFF /* Resources */,
			);
			buildRules = (
			);
			dependencies = (
				6C5F60002A05C50200A04CFF /* PBXTargetDependency */,
			);
			name = ClimaUITests;
			productName = ClimaUITests;
			productReference = 6C5F5FF92A05C50200A04CFF /* ClimaUITests.xctest */;
			productType = "com.apple.product-type.bundle.ui-testing";
		};
		6CACC1872A08166100F031B9 /* ClimaTests */ = {
			isa = PBXNativeTarget;
			buildConfigurationList = 6CACC18E2A08166100F031B9 /* Build configuration list for PBXNativeTarget "ClimaTests" */;
			buildPhases = (
				6CACC1842A08166100F031B9 /* Sources */,
				6CACC1852A08166100F031B9 /* Frameworks */,
				6CACC1862A08166100F031B9 /* Resources */,
			);
			buildRules = (
			);
			dependencies = (
				6CACC18D2A08166100F031B9 /* PBXTargetDependency */,
			);
			name = ClimaTests;
			productName = ClimaTests;
			productReference = 6CACC1882A08166100F031B9 /* ClimaTests.xctest */;
			productType = "com.apple.product-type.bundle.unit-test";
		};
/* End PBXNativeTarget section */

/* Begin PBXProject section */
		60FCB57029043C6A0073D33F /* Project object */ = {
			isa = PBXProject;
			attributes = {
				BuildIndependentTargetsInParallel = 1;
				LastSwiftUpdateCheck = 1430;
				LastUpgradeCheck = 1400;
				TargetAttributes = {
					60FCB57729043C6A0073D33F = {
						CreatedOnToolsVersion = 14.0.1;
					};
					6C5F5FF82A05C50200A04CFF = {
						CreatedOnToolsVersion = 14.3;
						TestTargetID = 60FCB57729043C6A0073D33F;
					};
					6CACC1872A08166100F031B9 = {
						CreatedOnToolsVersion = 14.3;
						TestTargetID = 60FCB57729043C6A0073D33F;
					};
				};
			};
			buildConfigurationList = 60FCB57329043C6A0073D33F /* Build configuration list for PBXProject "Clima" */;
			compatibilityVersion = "Xcode 12.0";
			developmentRegion = en;
			hasScannedForEncodings = 0;
			knownRegions = (
				en,
				Base,
			);
			mainGroup = 60FCB56F29043C6A0073D33F;
			packageReferences = (
				6C4E486529A942AE009F9D6E /* XCRemoteSwiftPackageReference "ProgressHUD" */,
			);
			productRefGroup = 60FCB57929043C6A0073D33F /* Products */;
			projectDirPath = "";
			projectRoot = "";
			targets = (
				60FCB57729043C6A0073D33F /* Clima */,
				6C5F5FF82A05C50200A04CFF /* ClimaUITests */,
				6CACC1872A08166100F031B9 /* ClimaTests */,
			);
		};
/* End PBXProject section */

/* Begin PBXResourcesBuildPhase section */
		60FCB57629043C6A0073D33F /* Resources */ = {
			isa = PBXResourcesBuildPhase;
			buildActionMask = 2147483647;
			files = (
				60FCB58829043C6E0073D33F /* LaunchScreen.storyboard in Resources */,
				60FCB58529043C6E0073D33F /* Assets.xcassets in Resources */,
				60FCB58329043C6A0073D33F /* Main.storyboard in Resources */,
			);
			runOnlyForDeploymentPostprocessing = 0;
		};
		6C5F5FF72A05C50200A04CFF /* Resources */ = {
			isa = PBXResourcesBuildPhase;
			buildActionMask = 2147483647;
			files = (
			);
			runOnlyForDeploymentPostprocessing = 0;
		};
		6CACC1862A08166100F031B9 /* Resources */ = {
			isa = PBXResourcesBuildPhase;
			buildActionMask = 2147483647;
			files = (
			);
			runOnlyForDeploymentPostprocessing = 0;
		};
/* End PBXResourcesBuildPhase section */

/* Begin PBXSourcesBuildPhase section */
		60FCB57429043C6A0073D33F /* Sources */ = {
			isa = PBXSourcesBuildPhase;
			buildActionMask = 2147483647;
			files = (
				60FCB58029043C6A0073D33F /* ClimaViewController.swift in Sources */,
				60FCB593290447DA0073D33F /* ClimaModelo.swift in Sources */,
				6C651DF829ABABB600F31CE3 /* ConfiguracionViewController.swift in Sources */,
				60FCB57C29043C6A0073D33F /* AppDelegate.swift in Sources */,
				60FCB591290447BE0073D33F /* ClimaData.swift in Sources */,
				60FCB595290447F10073D33F /* ClimaManager.swift in Sources */,
				60FCB57E29043C6A0073D33F /* SceneDelegate.swift in Sources */,
			);
			runOnlyForDeploymentPostprocessing = 0;
		};
		6C5F5FF52A05C50200A04CFF /* Sources */ = {
			isa = PBXSourcesBuildPhase;
			buildActionMask = 2147483647;
			files = (
				6CACC1832A0813AE00F031B9 /* ContentViewPage.swift in Sources */,
				6C5F5FFC2A05C50200A04CFF /* ClimaUITests.swift in Sources */,
				6C5F5FFE2A05C50200A04CFF /* ClimaUITestsLaunchTests.swift in Sources */,
			);
			runOnlyForDeploymentPostprocessing = 0;
		};
		6CACC1842A08166100F031B9 /* Sources */ = {
			isa = PBXSourcesBuildPhase;
			buildActionMask = 2147483647;
			files = (
				6C3BB7A32A31348100754DE4 /* ClimaManagerTests.swift in Sources */,
				6CACC18B2A08166100F031B9 /* ClimaTests.swift in Sources */,
			);
			runOnlyForDeploymentPostprocessing = 0;
		};
/* End PBXSourcesBuildPhase section */

/* Begin PBXTargetDependency section */
		6C5F60002A05C50200A04CFF /* PBXTargetDependency */ = {
			isa = PBXTargetDependency;
			target = 60FCB57729043C6A0073D33F /* Clima */;
			targetProxy = 6C5F5FFF2A05C50200A04CFF /* PBXContainerItemProxy */;
		};
		6CACC18D2A08166100F031B9 /* PBXTargetDependency */ = {
			isa = PBXTargetDependency;
			target = 60FCB57729043C6A0073D33F /* Clima */;
			targetProxy = 6CACC18C2A08166100F031B9 /* PBXContainerItemProxy */;
		};
/* End PBXTargetDependency section */

/* Begin PBXVariantGroup section */
		60FCB58129043C6A0073D33F /* Main.storyboard */ = {
			isa = PBXVariantGroup;
			children = (
				60FCB58229043C6A0073D33F /* Base */,
			);
			name = Main.storyboard;
			sourceTree = "<group>";
		};
		60FCB58629043C6E0073D33F /* LaunchScreen.storyboard */ = {
			isa = PBXVariantGroup;
			children = (
				60FCB58729043C6E0073D33F /* Base */,
			);
			name = LaunchScreen.storyboard;
			sourceTree = "<group>";
		};
/* End PBXVariantGroup section */

/* Begin XCBuildConfiguration section */
		60FCB58A29043C6E0073D33F /* Debug */ = {
			isa = XCBuildConfiguration;
			buildSettings = {
				ALWAYS_SEARCH_USER_PATHS = NO;
				CLANG_ANALYZER_NONNULL = YES;
				CLANG_ANALYZER_NUMBER_OBJECT_CONVERSION = YES_AGGRESSIVE;
				CLANG_CXX_LANGUAGE_STANDARD = "gnu++20";
				CLANG_ENABLE_MODULES = YES;
				CLANG_ENABLE_OBJC_ARC = YES;
				CLANG_ENABLE_OBJC_WEAK = YES;
				CLANG_WARN_BLOCK_CAPTURE_AUTORELEASING = YES;
				CLANG_WARN_BOOL_CONVERSION = YES;
				CLANG_WARN_COMMA = YES;
				CLANG_WARN_CONSTANT_CONVERSION = YES;
				CLANG_WARN_DEPRECATED_OBJC_IMPLEMENTATIONS = YES;
				CLANG_WARN_DIRECT_OBJC_ISA_USAGE = YES_ERROR;
				CLANG_WARN_DOCUMENTATION_COMMENTS = YES;
				CLANG_WARN_EMPTY_BODY = YES;
				CLANG_WARN_ENUM_CONVERSION = YES;
				CLANG_WARN_INFINITE_RECURSION = YES;
				CLANG_WARN_INT_CONVERSION = YES;
				CLANG_WARN_NON_LITERAL_NULL_CONVERSION = YES;
				CLANG_WARN_OBJC_IMPLICIT_RETAIN_SELF = YES;
				CLANG_WARN_OBJC_LITERAL_CONVERSION = YES;
				CLANG_WARN_OBJC_ROOT_CLASS = YES_ERROR;
				CLANG_WARN_QUOTED_INCLUDE_IN_FRAMEWORK_HEADER = YES;
				CLANG_WARN_RANGE_LOOP_ANALYSIS = YES;
				CLANG_WARN_STRICT_PROTOTYPES = YES;
				CLANG_WARN_SUSPICIOUS_MOVE = YES;
				CLANG_WARN_UNGUARDED_AVAILABILITY = YES_AGGRESSIVE;
				CLANG_WARN_UNREACHABLE_CODE = YES;
				CLANG_WARN__DUPLICATE_METHOD_MATCH = YES;
				COPY_PHASE_STRIP = NO;
				DEBUG_INFORMATION_FORMAT = dwarf;
				ENABLE_STRICT_OBJC_MSGSEND = YES;
				ENABLE_TESTABILITY = YES;
				GCC_C_LANGUAGE_STANDARD = gnu11;
				GCC_DYNAMIC_NO_PIC = NO;
				GCC_NO_COMMON_BLOCKS = YES;
				GCC_OPTIMIZATION_LEVEL = 0;
				GCC_PREPROCESSOR_DEFINITIONS = (
					"DEBUG=1",
					"$(inherited)",
				);
				GCC_WARN_64_TO_32_BIT_CONVERSION = YES;
				GCC_WARN_ABOUT_RETURN_TYPE = YES_ERROR;
				GCC_WARN_UNDECLARED_SELECTOR = YES;
				GCC_WARN_UNINITIALIZED_AUTOS = YES_AGGRESSIVE;
				GCC_WARN_UNUSED_FUNCTION = YES;
				GCC_WARN_UNUSED_VARIABLE = YES;
				IPHONEOS_DEPLOYMENT_TARGET = 15.0;
				MTL_ENABLE_DEBUG_INFO = INCLUDE_SOURCE;
				MTL_FAST_MATH = YES;
				ONLY_ACTIVE_ARCH = YES;
				SDKROOT = iphoneos;
				SWIFT_ACTIVE_COMPILATION_CONDITIONS = DEBUG;
				SWIFT_OPTIMIZATION_LEVEL = "-Onone";
			};
			name = Debug;
		};
		60FCB58B29043C6E0073D33F /* Release */ = {
			isa = XCBuildConfiguration;
			buildSettings = {
				ALWAYS_SEARCH_USER_PATHS = NO;
				CLANG_ANALYZER_NONNULL = YES;
				CLANG_ANALYZER_NUMBER_OBJECT_CONVERSION = YES_AGGRESSIVE;
				CLANG_CXX_LANGUAGE_STANDARD = "gnu++20";
				CLANG_ENABLE_MODULES = YES;
				CLANG_ENABLE_OBJC_ARC = YES;
				CLANG_ENABLE_OBJC_WEAK = YES;
				CLANG_WARN_BLOCK_CAPTURE_AUTORELEASING = YES;
				CLANG_WARN_BOOL_CONVERSION = YES;
				CLANG_WARN_COMMA = YES;
				CLANG_WARN_CONSTANT_CONVERSION = YES;
				CLANG_WARN_DEPRECATED_OBJC_IMPLEMENTATIONS = YES;
				CLANG_WARN_DIRECT_OBJC_ISA_USAGE = YES_ERROR;
				CLANG_WARN_DOCUMENTATION_COMMENTS = YES;
				CLANG_WARN_EMPTY_BODY = YES;
				CLANG_WARN_ENUM_CONVERSION = YES;
				CLANG_WARN_INFINITE_RECURSION = YES;
				CLANG_WARN_INT_CONVERSION = YES;
				CLANG_WARN_NON_LITERAL_NULL_CONVERSION = YES;
				CLANG_WARN_OBJC_IMPLICIT_RETAIN_SELF = YES;
				CLANG_WARN_OBJC_LITERAL_CONVERSION = YES;
				CLANG_WARN_OBJC_ROOT_CLASS = YES_ERROR;
				CLANG_WARN_QUOTED_INCLUDE_IN_FRAMEWORK_HEADER = YES;
				CLANG_WARN_RANGE_LOOP_ANALYSIS = YES;
				CLANG_WARN_STRICT_PROTOTYPES = YES;
				CLANG_WARN_SUSPICIOUS_MOVE = YES;
				CLANG_WARN_UNGUARDED_AVAILABILITY = YES_AGGRESSIVE;
				CLANG_WARN_UNREACHABLE_CODE = YES;
				CLANG_WARN__DUPLICATE_METHOD_MATCH = YES;
				COPY_PHASE_STRIP = NO;
				DEBUG_INFORMATION_FORMAT = "dwarf-with-dsym";
				ENABLE_NS_ASSERTIONS = NO;
				ENABLE_STRICT_OBJC_MSGSEND = YES;
				GCC_C_LANGUAGE_STANDARD = gnu11;
				GCC_NO_COMMON_BLOCKS = YES;
				GCC_WARN_64_TO_32_BIT_CONVERSION = YES;
				GCC_WARN_ABOUT_RETURN_TYPE = YES_ERROR;
				GCC_WARN_UNDECLARED_SELECTOR = YES;
				GCC_WARN_UNINITIALIZED_AUTOS = YES_AGGRESSIVE;
				GCC_WARN_UNUSED_FUNCTION = YES;
				GCC_WARN_UNUSED_VARIABLE = YES;
				IPHONEOS_DEPLOYMENT_TARGET = 15.0;
				MTL_ENABLE_DEBUG_INFO = NO;
				MTL_FAST_MATH = YES;
				SDKROOT = iphoneos;
				SWIFT_COMPILATION_MODE = wholemodule;
				SWIFT_OPTIMIZATION_LEVEL = "-O";
				VALIDATE_PRODUCT = YES;
			};
			name = Release;
		};
		60FCB58D29043C6E0073D33F /* Debug */ = {
			isa = XCBuildConfiguration;
			buildSettings = {
				ASSETCATALOG_COMPILER_APPICON_NAME = AppIcon;
				ASSETCATALOG_COMPILER_GLOBAL_ACCENT_COLOR_NAME = AccentColor;
				CODE_SIGN_IDENTITY = "Apple Development";
				CODE_SIGN_STYLE = Automatic;
				CURRENT_PROJECT_VERSION = 1;
				DEVELOPMENT_TEAM = 28Z45T22J2;
				GENERATE_INFOPLIST_FILE = YES;
				INFOPLIST_FILE = Clima/Info.plist;
				INFOPLIST_KEY_CFBundleDisplayName = "Estado del clima";
				INFOPLIST_KEY_NSLocationWhenInUseUsageDescription = "Necesitamos acceder a tu GPS para mostrar el clima en tu ubicacion";
				INFOPLIST_KEY_UIApplicationSupportsIndirectInputEvents = YES;
				INFOPLIST_KEY_UILaunchStoryboardName = LaunchScreen;
				INFOPLIST_KEY_UIMainStoryboardFile = Main;
				INFOPLIST_KEY_UISupportedInterfaceOrientations_iPad = "UIInterfaceOrientationPortrait UIInterfaceOrientationPortraitUpsideDown UIInterfaceOrientationLandscapeLeft UIInterfaceOrientationLandscapeRight";
				INFOPLIST_KEY_UISupportedInterfaceOrientations_iPhone = "UIInterfaceOrientationPortrait UIInterfaceOrientationLandscapeLeft UIInterfaceOrientationLandscapeRight";
				IPHONEOS_DEPLOYMENT_TARGET = 15.0;
				LD_RUNPATH_SEARCH_PATHS = (
					"$(inherited)",
					"@executable_path/Frameworks",
				);
				MARKETING_VERSION = 1.0;
				PRODUCT_BUNDLE_IDENTIFIER = mx.mobilestudio.estado.del.clima;
				PRODUCT_NAME = "$(TARGET_NAME)";
				PROVISIONING_PROFILE_SPECIFIER = "";
				SWIFT_EMIT_LOC_STRINGS = YES;
				SWIFT_VERSION = 5.0;
				TARGETED_DEVICE_FAMILY = "1,2";
			};
			name = Debug;
		};
		60FCB58E29043C6E0073D33F /* Release */ = {
			isa = XCBuildConfiguration;
			buildSettings = {
				ASSETCATALOG_COMPILER_APPICON_NAME = AppIcon;
				ASSETCATALOG_COMPILER_GLOBAL_ACCENT_COLOR_NAME = AccentColor;
				CODE_SIGN_IDENTITY = "Apple Development";
				CODE_SIGN_STYLE = Automatic;
				CURRENT_PROJECT_VERSION = 1;
				DEVELOPMENT_TEAM = 28Z45T22J2;
				GENERATE_INFOPLIST_FILE = YES;
				INFOPLIST_FILE = Clima/Info.plist;
				INFOPLIST_KEY_CFBundleDisplayName = "Estado del clima";
				INFOPLIST_KEY_NSLocationWhenInUseUsageDescription = "Necesitamos acceder a tu GPS para mostrar el clima en tu ubicacion";
				INFOPLIST_KEY_UIApplicationSupportsIndirectInputEvents = YES;
				INFOPLIST_KEY_UILaunchStoryboardName = LaunchScreen;
				INFOPLIST_KEY_UIMainStoryboardFile = Main;
				INFOPLIST_KEY_UISupportedInterfaceOrientations_iPad = "UIInterfaceOrientationPortrait UIInterfaceOrientationPortraitUpsideDown UIInterfaceOrientationLandscapeLeft UIInterfaceOrientationLandscapeRight";
				INFOPLIST_KEY_UISupportedInterfaceOrientations_iPhone = "UIInterfaceOrientationPortrait UIInterfaceOrientationLandscapeLeft UIInterfaceOrientationLandscapeRight";
				IPHONEOS_DEPLOYMENT_TARGET = 15.0;
				LD_RUNPATH_SEARCH_PATHS = (
					"$(inherited)",
					"@executable_path/Frameworks",
				);
				MARKETING_VERSION = 1.0;
				PRODUCT_BUNDLE_IDENTIFIER = mx.mobilestudio.estado.del.clima;
				PRODUCT_NAME = "$(TARGET_NAME)";
				PROVISIONING_PROFILE_SPECIFIER = "";
				SWIFT_EMIT_LOC_STRINGS = YES;
				SWIFT_VERSION = 5.0;
				TARGETED_DEVICE_FAMILY = "1,2";
			};
			name = Release;
		};
		6C5F60012A05C50200A04CFF /* Debug */ = {
			isa = XCBuildConfiguration;
			buildSettings = {
				CODE_SIGN_STYLE = Automatic;
				CURRENT_PROJECT_VERSION = 1;
				DEVELOPMENT_TEAM = 28Z45T22J2;
				GENERATE_INFOPLIST_FILE = YES;
				IPHONEOS_DEPLOYMENT_TARGET = 16.4;
				MARKETING_VERSION = 1.0;
				PRODUCT_BUNDLE_IDENTIFIER = com.rotadevsolutions.ClimaUITests;
				PRODUCT_NAME = "$(TARGET_NAME)";
				SWIFT_EMIT_LOC_STRINGS = NO;
				SWIFT_VERSION = 5.0;
				TARGETED_DEVICE_FAMILY = "1,2";
				TEST_TARGET_NAME = Clima;
			};
			name = Debug;
		};
		6C5F60022A05C50200A04CFF /* Release */ = {
			isa = XCBuildConfiguration;
			buildSettings = {
				CODE_SIGN_STYLE = Automatic;
				CURRENT_PROJECT_VERSION = 1;
				DEVELOPMENT_TEAM = 28Z45T22J2;
				GENERATE_INFOPLIST_FILE = YES;
				IPHONEOS_DEPLOYMENT_TARGET = 16.4;
				MARKETING_VERSION = 1.0;
				PRODUCT_BUNDLE_IDENTIFIER = com.rotadevsolutions.ClimaUITests;
				PRODUCT_NAME = "$(TARGET_NAME)";
				SWIFT_EMIT_LOC_STRINGS = NO;
				SWIFT_VERSION = 5.0;
				TARGETED_DEVICE_FAMILY = "1,2";
				TEST_TARGET_NAME = Clima;
			};
			name = Release;
		};
		6CACC18F2A08166100F031B9 /* Debug */ = {
			isa = XCBuildConfiguration;
			buildSettings = {
				BUNDLE_LOADER = "$(TEST_HOST)";
				CODE_SIGN_STYLE = Automatic;
				CURRENT_PROJECT_VERSION = 1;
				DEVELOPMENT_TEAM = 28Z45T22J2;
				GENERATE_INFOPLIST_FILE = YES;
				IPHONEOS_DEPLOYMENT_TARGET = 16.4;
				MARKETING_VERSION = 1.0;
				PRODUCT_BUNDLE_IDENTIFIER = com.rotadevsolutions.ClimaTests;
				PRODUCT_NAME = "$(TARGET_NAME)";
				SWIFT_EMIT_LOC_STRINGS = NO;
				SWIFT_VERSION = 5.0;
				TARGETED_DEVICE_FAMILY = "1,2";
				TEST_HOST = "$(BUILT_PRODUCTS_DIR)/Clima.app/$(BUNDLE_EXECUTABLE_FOLDER_PATH)/Clima";
			};
			name = Debug;
		};
		6CACC1902A08166100F031B9 /* Release */ = {
			isa = XCBuildConfiguration;
			buildSettings = {
				BUNDLE_LOADER = "$(TEST_HOST)";
				CODE_SIGN_STYLE = Automatic;
				CURRENT_PROJECT_VERSION = 1;
				DEVELOPMENT_TEAM = 28Z45T22J2;
				GENERATE_INFOPLIST_FILE = YES;
				IPHONEOS_DEPLOYMENT_TARGET = 16.4;
				MARKETING_VERSION = 1.0;
				PRODUCT_BUNDLE_IDENTIFIER = com.rotadevsolutions.ClimaTests;
				PRODUCT_NAME = "$(TARGET_NAME)";
				SWIFT_EMIT_LOC_STRINGS = NO;
				SWIFT_VERSION = 5.0;
				TARGETED_DEVICE_FAMILY = "1,2";
				TEST_HOST = "$(BUILT_PRODUCTS_DIR)/Clima.app/$(BUNDLE_EXECUTABLE_FOLDER_PATH)/Clima";
			};
			name = Release;
		};
/* End XCBuildConfiguration section */

/* Begin XCConfigurationList section */
		60FCB57329043C6A0073D33F /* Build configuration list for PBXProject "Clima" */ = {
			isa = XCConfigurationList;
			buildConfigurations = (
				60FCB58A29043C6E0073D33F /* Debug */,
				60FCB58B29043C6E0073D33F /* Release */,
			);
			defaultConfigurationIsVisible = 0;
			defaultConfigurationName = Release;
		};
		60FCB58C29043C6E0073D33F /* Build configuration list for PBXNativeTarget "Clima" */ = {
			isa = XCConfigurationList;
			buildConfigurations = (
				60FCB58D29043C6E0073D33F /* Debug */,
				60FCB58E29043C6E0073D33F /* Release */,
			);
			defaultConfigurationIsVisible = 0;
			defaultConfigurationName = Release;
		};
		6C5F60032A05C50200A04CFF /* Build configuration list for PBXNativeTarget "ClimaUITests" */ = {
			isa = XCConfigurationList;
			buildConfigurations = (
				6C5F60012A05C50200A04CFF /* Debug */,
				6C5F60022A05C50200A04CFF /* Release */,
			);
			defaultConfigurationIsVisible = 0;
			defaultConfigurationName = Release;
		};
		6CACC18E2A08166100F031B9 /* Build configuration list for PBXNativeTarget "ClimaTests" */ = {
			isa = XCConfigurationList;
			buildConfigurations = (
				6CACC18F2A08166100F031B9 /* Debug */,
				6CACC1902A08166100F031B9 /* Release */,
			);
			defaultConfigurationIsVisible = 0;
			defaultConfigurationName = Release;
		};
/* End XCConfigurationList section */

/* Begin XCRemoteSwiftPackageReference section */
		6C4E486529A942AE009F9D6E /* XCRemoteSwiftPackageReference "ProgressHUD" */ = {
			isa = XCRemoteSwiftPackageReference;
			repositoryURL = "https://github.com/relatedcode/ProgressHUD";
			requirement = {
				kind = upToNextMajorVersion;
				minimumVersion = 13.0.0;
			};
		};
/* End XCRemoteSwiftPackageReference section */

/* Begin XCSwiftPackageProductDependency section */
		6C4E486629A942AE009F9D6E /* ProgressHUD */ = {
			isa = XCSwiftPackageProductDependency;
			package = 6C4E486529A942AE009F9D6E /* XCRemoteSwiftPackageReference "ProgressHUD" */;
			productName = ProgressHUD;
		};
/* End XCSwiftPackageProductDependency section */
	};
	rootObject = 60FCB57029043C6A0073D33F /* Project object */;
}
